
Microsoft Visual Studio Solution File, Format Version 9.00
# Visual C# Express 2005
Project("{FAE04EC0-301F-11D3-BF4B-00C04F79EFBC}") = "FastCopy", "FastCopy.csproj", "{58FC00B2-04D9-4CBC-B5B6-DB8BA6C919B8}"
EndProject
Global
	GlobalSection(SolutionConfigurationPlatforms) = preSolution
		Debug|Any CPU = Debug|Any CPU
		Release|Any CPU = Release|Any CPU
	EndGlobalSection
	GlobalSection(ProjectConfigurationPlatforms) = postSolution
		{58FC00B2-04D9-4CBC-B5B6-DB8BA6C919B8}.Debug|Any CPU.ActiveCfg = Debug|Any CPU
		{58FC00B2-04D9-4CBC-B5B6-DB8BA6C919B8}.Debug|Any CPU.Build.0 = Debug|Any CPU
		{58FC00B2-04D9-4CBC-B5B6-DB8BA6C919B8}.Release|Any CPU.ActiveCfg = Release|Any CPU
		{58FC00B2-04D9-4CBC-B5B6-DB8BA6C919B8}.Release|Any CPU.Build.0 = Release|Any CPU
	EndGlobalSection
	GlobalSection(SolutionProperties) = preSolution
		HideSolutionNode = FALSE
	EndGlobalSection
EndGlobal
